// !$*UTF8*$!
{
	archiveVersion = 1;
	classes = {
	};
	objectVersion = 46;
	objects = {

/* Begin PBXBuildFile section */
		671DFA631AC6D34C00E5C37F /* PPHistoryViewCell.m in Sources */ = {isa = PBXBuildFile; fileRef = 671DFA611AC6D34C00E5C37F /* PPHistoryViewCell.m */; };
		671DFA641AC6D34C00E5C37F /* PPHistoryViewCell.xib in Resources */ = {isa = PBXBuildFile; fileRef = 671DFA621AC6D34C00E5C37F /* PPHistoryViewCell.xib */; };
		672D6A901AD05950006EEDE0 /* LICENSE in Resources */ = {isa = PBXBuildFile; fileRef = 672D6A8B1AD05950006EEDE0 /* LICENSE */; };
		672D6A911AD05950006EEDE0 /* Readme.markdown in Sources */ = {isa = PBXBuildFile; fileRef = 672D6A8C1AD05950006EEDE0 /* Readme.markdown */; };
		672D6A921AD05950006EEDE0 /* SAMCache.m in Sources */ = {isa = PBXBuildFile; fileRef = 672D6A8F1AD05950006EEDE0 /* SAMCache.m */; };
		673670D91A62C728009F0AB7 /* PP_MainViewController.m in Sources */ = {isa = PBXBuildFile; fileRef = 673670D81A62C728009F0AB7 /* PP_MainViewController.m */; };
		675BD71D1A6C43D800458628 /* lorem.txt in Resources */ = {isa = PBXBuildFile; fileRef = 675BD71C1A6C43D800458628 /* lorem.txt */; };
		676399951A71628900A6FFED /* ImagesViewController.m in Sources */ = {isa = PBXBuildFile; fileRef = 676399941A71628900A6FFED /* ImagesViewController.m */; };
		67A4F4151A69760C00A87625 /* VideosViewController.m in Sources */ = {isa = PBXBuildFile; fileRef = 67A4F4141A69760C00A87625 /* VideosViewController.m */; };
		67A4F4181A69763D00A87625 /* ShowMoreViewController.m in Sources */ = {isa = PBXBuildFile; fileRef = 67A4F4171A69763D00A87625 /* ShowMoreViewController.m */; };
		67B497131AAB8D7E0062E07A /* HomeViewController.m in Sources */ = {isa = PBXBuildFile; fileRef = 67B497121AAB8D7E0062E07A /* HomeViewController.m */; };
		67B497171AAB8E650062E07A /* PPFeaturedViewCell.m in Sources */ = {isa = PBXBuildFile; fileRef = 67B497151AAB8E650062E07A /* PPFeaturedViewCell.m */; };
		67B4971B1AAB8FA70062E07A /* PPFeaturedCellView.m in Sources */ = {isa = PBXBuildFile; fileRef = 67B4971A1AAB8FA70062E07A /* PPFeaturedCellView.m */; };
		67B4971D1AAB8FBC0062E07A /* PPFeaturedCellView.xib in Resources */ = {isa = PBXBuildFile; fileRef = 67B4971C1AAB8FBC0062E07A /* PPFeaturedCellView.xib */; };
		67B497211AAB930F0062E07A /* PPFeaturedCollectionViewCell.m in Sources */ = {isa = PBXBuildFile; fileRef = 67B4971F1AAB930F0062E07A /* PPFeaturedCollectionViewCell.m */; };
		67B497221AAB930F0062E07A /* PPFeaturedCollectionViewCell.xib in Resources */ = {isa = PBXBuildFile; fileRef = 67B497201AAB930F0062E07A /* PPFeaturedCollectionViewCell.xib */; };
		67CEAEBD1A56CE0500597E1F /* main.m in Sources */ = {isa = PBXBuildFile; fileRef = 67CEAEBC1A56CE0500597E1F /* main.m */; };
		67CEAEC01A56CE0500597E1F /* AppDelegate.m in Sources */ = {isa = PBXBuildFile; fileRef = 67CEAEBF1A56CE0500597E1F /* AppDelegate.m */; };
		67CEAEC61A56CE0500597E1F /* Main.storyboard in Resources */ = {isa = PBXBuildFile; fileRef = 67CEAEC41A56CE0500597E1F /* Main.storyboard */; };
		67CEAEC81A56CE0500597E1F /* Images.xcassets in Resources */ = {isa = PBXBuildFile; fileRef = 67CEAEC71A56CE0500597E1F /* Images.xcassets */; };
		67CEAECB1A56CE0500597E1F /* LaunchScreen.xib in Resources */ = {isa = PBXBuildFile; fileRef = 67CEAEC91A56CE0500597E1F /* LaunchScreen.xib */; };
		67CEAED71A56CE0500597E1F /* PupusTests.m in Sources */ = {isa = PBXBuildFile; fileRef = 67CEAED61A56CE0500597E1F /* PupusTests.m */; };
		67CEE6DF1A63FBD8007A6526 /* Mark Simonson - Proxima Nova Regular.otf in Resources */ = {isa = PBXBuildFile; fileRef = 671516291A60473D00F9A95E /* Mark Simonson - Proxima Nova Regular.otf */; };
		67CEE6E01A63FBD8007A6526 /* ProximaNova-Bold.ttf in Resources */ = {isa = PBXBuildFile; fileRef = 671516271A60472D00F9A95E /* ProximaNova-Bold.ttf */; };
		67CEE6E11A63FBD8007A6526 /* ProximaNova-Light.ttf in Resources */ = {isa = PBXBuildFile; fileRef = 671516281A60472D00F9A95E /* ProximaNova-Light.ttf */; };
		67F24EAF1ACF46E000CFEFCD /* AFHTTPRequestOperation.m in Sources */ = {isa = PBXBuildFile; fileRef = 67F24E9D1ACF46E000CFEFCD /* AFHTTPRequestOperation.m */; };
		67F24EB01ACF46E000CFEFCD /* AFHTTPRequestOperationManager.m in Sources */ = {isa = PBXBuildFile; fileRef = 67F24E9F1ACF46E000CFEFCD /* AFHTTPRequestOperationManager.m */; };
		67F24EB11ACF46E000CFEFCD /* AFHTTPSessionManager.m in Sources */ = {isa = PBXBuildFile; fileRef = 67F24EA11ACF46E000CFEFCD /* AFHTTPSessionManager.m */; };
		67F24EB21ACF46E000CFEFCD /* AFNetworkReachabilityManager.m in Sources */ = {isa = PBXBuildFile; fileRef = 67F24EA41ACF46E000CFEFCD /* AFNetworkReachabilityManager.m */; };
		67F24EB31ACF46E000CFEFCD /* AFSecurityPolicy.m in Sources */ = {isa = PBXBuildFile; fileRef = 67F24EA61ACF46E000CFEFCD /* AFSecurityPolicy.m */; };
		67F24EB41ACF46E000CFEFCD /* AFURLConnectionOperation.m in Sources */ = {isa = PBXBuildFile; fileRef = 67F24EA81ACF46E000CFEFCD /* AFURLConnectionOperation.m */; };
		67F24EB51ACF46E000CFEFCD /* AFURLRequestSerialization.m in Sources */ = {isa = PBXBuildFile; fileRef = 67F24EAA1ACF46E000CFEFCD /* AFURLRequestSerialization.m */; };
		67F24EB61ACF46E000CFEFCD /* AFURLResponseSerialization.m in Sources */ = {isa = PBXBuildFile; fileRef = 67F24EAC1ACF46E000CFEFCD /* AFURLResponseSerialization.m */; };
		67F24EB71ACF46E000CFEFCD /* AFURLSessionManager.m in Sources */ = {isa = PBXBuildFile; fileRef = 67F24EAE1ACF46E000CFEFCD /* AFURLSessionManager.m */; };
		67F24ECA1ACF47E100CFEFCD /* AFNetworkActivityIndicatorManager.m in Sources */ = {isa = PBXBuildFile; fileRef = 67F24EBA1ACF47E100CFEFCD /* AFNetworkActivityIndicatorManager.m */; };
		67F24ECB1ACF47E100CFEFCD /* UIActivityIndicatorView+AFNetworking.m in Sources */ = {isa = PBXBuildFile; fileRef = 67F24EBC1ACF47E100CFEFCD /* UIActivityIndicatorView+AFNetworking.m */; };
		67F24ECC1ACF47E100CFEFCD /* UIAlertView+AFNetworking.m in Sources */ = {isa = PBXBuildFile; fileRef = 67F24EBE1ACF47E100CFEFCD /* UIAlertView+AFNetworking.m */; };
		67F24ECD1ACF47E100CFEFCD /* UIButton+AFNetworking.m in Sources */ = {isa = PBXBuildFile; fileRef = 67F24EC01ACF47E100CFEFCD /* UIButton+AFNetworking.m */; };
		67F24ECE1ACF47E100CFEFCD /* UIImageView+AFNetworking.m in Sources */ = {isa = PBXBuildFile; fileRef = 67F24EC21ACF47E100CFEFCD /* UIImageView+AFNetworking.m */; };
		67F24ECF1ACF47E100CFEFCD /* UIProgressView+AFNetworking.m in Sources */ = {isa = PBXBuildFile; fileRef = 67F24EC51ACF47E100CFEFCD /* UIProgressView+AFNetworking.m */; };
		67F24ED01ACF47E100CFEFCD /* UIRefreshControl+AFNetworking.m in Sources */ = {isa = PBXBuildFile; fileRef = 67F24EC71ACF47E100CFEFCD /* UIRefreshControl+AFNetworking.m */; };
		67F24ED11ACF47E100CFEFCD /* UIWebView+AFNetworking.m in Sources */ = {isa = PBXBuildFile; fileRef = 67F24EC91ACF47E100CFEFCD /* UIWebView+AFNetworking.m */; };
/* End PBXBuildFile section */

/* Begin PBXContainerItemProxy section */
		67CEAED11A56CE0500597E1F /* PBXContainerItemProxy */ = {
			isa = PBXContainerItemProxy;
			containerPortal = 67CEAEAF1A56CE0500597E1F /* Project object */;
			proxyType = 1;
			remoteGlobalIDString = 67CEAEB61A56CE0500597E1F;
			remoteInfo = Pupus;
		};
/* End PBXContainerItemProxy section */

/* Begin PBXFileReference section */
		671516271A60472D00F9A95E /* ProximaNova-Bold.ttf */ = {isa = PBXFileReference; lastKnownFileType = file; path = "ProximaNova-Bold.ttf"; sourceTree = "<group>"; };
		671516281A60472D00F9A95E /* ProximaNova-Light.ttf */ = {isa = PBXFileReference; lastKnownFileType = file; path = "ProximaNova-Light.ttf"; sourceTree = "<group>"; };
		671516291A60473D00F9A95E /* Mark Simonson - Proxima Nova Regular.otf */ = {isa = PBXFileReference; lastKnownFileType = file; path = "Mark Simonson - Proxima Nova Regular.otf"; sourceTree = "<group>"; };
		671DFA601AC6D34C00E5C37F /* PPHistoryViewCell.h */ = {isa = PBXFileReference; fileEncoding = 4; lastKnownFileType = sourcecode.c.h; path = PPHistoryViewCell.h; sourceTree = "<group>"; };
		671DFA611AC6D34C00E5C37F /* PPHistoryViewCell.m */ = {isa = PBXFileReference; fileEncoding = 4; lastKnownFileType = sourcecode.c.objc; path = PPHistoryViewCell.m; sourceTree = "<group>"; };
		671DFA621AC6D34C00E5C37F /* PPHistoryViewCell.xib */ = {isa = PBXFileReference; fileEncoding = 4; lastKnownFileType = file.xib; path = PPHistoryViewCell.xib; sourceTree = "<group>"; };
		672D6A8B1AD05950006EEDE0 /* LICENSE */ = {isa = PBXFileReference; fileEncoding = 4; lastKnownFileType = text; path = LICENSE; sourceTree = "<group>"; };
		672D6A8C1AD05950006EEDE0 /* Readme.markdown */ = {isa = PBXFileReference; fileEncoding = 4; lastKnownFileType = net.daringfireball.markdown; path = Readme.markdown; sourceTree = "<group>"; };
		672D6A8E1AD05950006EEDE0 /* SAMCache.h */ = {isa = PBXFileReference; fileEncoding = 4; lastKnownFileType = sourcecode.c.h; path = SAMCache.h; sourceTree = "<group>"; };
		672D6A8F1AD05950006EEDE0 /* SAMCache.m */ = {isa = PBXFileReference; fileEncoding = 4; lastKnownFileType = sourcecode.c.objc; path = SAMCache.m; sourceTree = "<group>"; };
		673670D71A62C728009F0AB7 /* PP_MainViewController.h */ = {isa = PBXFileReference; fileEncoding = 4; lastKnownFileType = sourcecode.c.h; path = PP_MainViewController.h; sourceTree = "<group>"; };
		673670D81A62C728009F0AB7 /* PP_MainViewController.m */ = {isa = PBXFileReference; fileEncoding = 4; lastKnownFileType = sourcecode.c.objc; path = PP_MainViewController.m; sourceTree = "<group>"; };
		675BD71C1A6C43D800458628 /* lorem.txt */ = {isa = PBXFileReference; fileEncoding = 4; lastKnownFileType = text; path = lorem.txt; sourceTree = "<group>"; };
		676399931A71628900A6FFED /* ImagesViewController.h */ = {isa = PBXFileReference; fileEncoding = 4; lastKnownFileType = sourcecode.c.h; name = ImagesViewController.h; path = ../ImagesViewController.h; sourceTree = "<group>"; };
		676399941A71628900A6FFED /* ImagesViewController.m */ = {isa = PBXFileReference; fileEncoding = 4; lastKnownFileType = sourcecode.c.objc; name = ImagesViewController.m; path = ../ImagesViewController.m; sourceTree = "<group>"; };
		67A4F4131A69760C00A87625 /* VideosViewController.h */ = {isa = PBXFileReference; fileEncoding = 4; lastKnownFileType = sourcecode.c.h; path = VideosViewController.h; sourceTree = "<group>"; };
		67A4F4141A69760C00A87625 /* VideosViewController.m */ = {isa = PBXFileReference; fileEncoding = 4; lastKnownFileType = sourcecode.c.objc; path = VideosViewController.m; sourceTree = "<group>"; };
		67A4F4161A69763D00A87625 /* ShowMoreViewController.h */ = {isa = PBXFileReference; fileEncoding = 4; lastKnownFileType = sourcecode.c.h; path = ShowMoreViewController.h; sourceTree = "<group>"; };
		67A4F4171A69763D00A87625 /* ShowMoreViewController.m */ = {isa = PBXFileReference; fileEncoding = 4; lastKnownFileType = sourcecode.c.objc; path = ShowMoreViewController.m; sourceTree = "<group>"; };
		67B497111AAB8D7E0062E07A /* HomeViewController.h */ = {isa = PBXFileReference; fileEncoding = 4; lastKnownFileType = sourcecode.c.h; name = HomeViewController.h; path = ../HomeViewController.h; sourceTree = "<group>"; };
		67B497121AAB8D7E0062E07A /* HomeViewController.m */ = {isa = PBXFileReference; fileEncoding = 4; lastKnownFileType = sourcecode.c.objc; name = HomeViewController.m; path = ../HomeViewController.m; sourceTree = "<group>"; };
		67B497141AAB8E650062E07A /* PPFeaturedViewCell.h */ = {isa = PBXFileReference; fileEncoding = 4; lastKnownFileType = sourcecode.c.h; path = PPFeaturedViewCell.h; sourceTree = "<group>"; };
		67B497151AAB8E650062E07A /* PPFeaturedViewCell.m */ = {isa = PBXFileReference; fileEncoding = 4; lastKnownFileType = sourcecode.c.objc; path = PPFeaturedViewCell.m; sourceTree = "<group>"; };
		67B497191AAB8FA70062E07A /* PPFeaturedCellView.h */ = {isa = PBXFileReference; fileEncoding = 4; lastKnownFileType = sourcecode.c.h; path = PPFeaturedCellView.h; sourceTree = "<group>"; };
		67B4971A1AAB8FA70062E07A /* PPFeaturedCellView.m */ = {isa = PBXFileReference; fileEncoding = 4; lastKnownFileType = sourcecode.c.objc; path = PPFeaturedCellView.m; sourceTree = "<group>"; };
		67B4971C1AAB8FBC0062E07A /* PPFeaturedCellView.xib */ = {isa = PBXFileReference; fileEncoding = 4; lastKnownFileType = file.xib; path = PPFeaturedCellView.xib; sourceTree = "<group>"; };
		67B4971E1AAB930F0062E07A /* PPFeaturedCollectionViewCell.h */ = {isa = PBXFileReference; fileEncoding = 4; lastKnownFileType = sourcecode.c.h; path = PPFeaturedCollectionViewCell.h; sourceTree = "<group>"; };
		67B4971F1AAB930F0062E07A /* PPFeaturedCollectionViewCell.m */ = {isa = PBXFileReference; fileEncoding = 4; lastKnownFileType = sourcecode.c.objc; path = PPFeaturedCollectionViewCell.m; sourceTree = "<group>"; };
		67B497201AAB930F0062E07A /* PPFeaturedCollectionViewCell.xib */ = {isa = PBXFileReference; fileEncoding = 4; lastKnownFileType = file.xib; path = PPFeaturedCollectionViewCell.xib; sourceTree = "<group>"; };
		67CEAEB71A56CE0500597E1F /* Pupus.app */ = {isa = PBXFileReference; explicitFileType = wrapper.application; includeInIndex = 0; path = Pupus.app; sourceTree = BUILT_PRODUCTS_DIR; };
		67CEAEBB1A56CE0500597E1F /* Info.plist */ = {isa = PBXFileReference; lastKnownFileType = text.plist.xml; path = Info.plist; sourceTree = "<group>"; };
		67CEAEBC1A56CE0500597E1F /* main.m */ = {isa = PBXFileReference; lastKnownFileType = sourcecode.c.objc; path = main.m; sourceTree = "<group>"; };
		67CEAEBE1A56CE0500597E1F /* AppDelegate.h */ = {isa = PBXFileReference; lastKnownFileType = sourcecode.c.h; path = AppDelegate.h; sourceTree = "<group>"; };
		67CEAEBF1A56CE0500597E1F /* AppDelegate.m */ = {isa = PBXFileReference; lastKnownFileType = sourcecode.c.objc; path = AppDelegate.m; sourceTree = "<group>"; };
		67CEAEC51A56CE0500597E1F /* Base */ = {isa = PBXFileReference; lastKnownFileType = file.storyboard; name = Base; path = Base.lproj/Main.storyboard; sourceTree = "<group>"; };
		67CEAEC71A56CE0500597E1F /* Images.xcassets */ = {isa = PBXFileReference; lastKnownFileType = folder.assetcatalog; path = Images.xcassets; sourceTree = "<group>"; };
		67CEAECA1A56CE0500597E1F /* Base */ = {isa = PBXFileReference; lastKnownFileType = file.xib; name = Base; path = Base.lproj/LaunchScreen.xib; sourceTree = "<group>"; };
		67CEAED01A56CE0500597E1F /* PupusTests.xctest */ = {isa = PBXFileReference; explicitFileType = wrapper.cfbundle; includeInIndex = 0; path = PupusTests.xctest; sourceTree = BUILT_PRODUCTS_DIR; };
		67CEAED51A56CE0500597E1F /* Info.plist */ = {isa = PBXFileReference; lastKnownFileType = text.plist.xml; path = Info.plist; sourceTree = "<group>"; };
		67CEAED61A56CE0500597E1F /* PupusTests.m */ = {isa = PBXFileReference; lastKnownFileType = sourcecode.c.objc; path = PupusTests.m; sourceTree = "<group>"; };
		67F24E9C1ACF46E000CFEFCD /* AFHTTPRequestOperation.h */ = {isa = PBXFileReference; fileEncoding = 4; lastKnownFileType = sourcecode.c.h; path = AFHTTPRequestOperation.h; sourceTree = "<group>"; };
		67F24E9D1ACF46E000CFEFCD /* AFHTTPRequestOperation.m */ = {isa = PBXFileReference; fileEncoding = 4; lastKnownFileType = sourcecode.c.objc; path = AFHTTPRequestOperation.m; sourceTree = "<group>"; };
		67F24E9E1ACF46E000CFEFCD /* AFHTTPRequestOperationManager.h */ = {isa = PBXFileReference; fileEncoding = 4; lastKnownFileType = sourcecode.c.h; path = AFHTTPRequestOperationManager.h; sourceTree = "<group>"; };
		67F24E9F1ACF46E000CFEFCD /* AFHTTPRequestOperationManager.m */ = {isa = PBXFileReference; fileEncoding = 4; lastKnownFileType = sourcecode.c.objc; path = AFHTTPRequestOperationManager.m; sourceTree = "<group>"; };
		67F24EA01ACF46E000CFEFCD /* AFHTTPSessionManager.h */ = {isa = PBXFileReference; fileEncoding = 4; lastKnownFileType = sourcecode.c.h; path = AFHTTPSessionManager.h; sourceTree = "<group>"; };
		67F24EA11ACF46E000CFEFCD /* AFHTTPSessionManager.m */ = {isa = PBXFileReference; fileEncoding = 4; lastKnownFileType = sourcecode.c.objc; path = AFHTTPSessionManager.m; sourceTree = "<group>"; };
		67F24EA21ACF46E000CFEFCD /* AFNetworking.h */ = {isa = PBXFileReference; fileEncoding = 4; lastKnownFileType = sourcecode.c.h; path = AFNetworking.h; sourceTree = "<group>"; };
		67F24EA31ACF46E000CFEFCD /* AFNetworkReachabilityManager.h */ = {isa = PBXFileReference; fileEncoding = 4; lastKnownFileType = sourcecode.c.h; path = AFNetworkReachabilityManager.h; sourceTree = "<group>"; };
		67F24EA41ACF46E000CFEFCD /* AFNetworkReachabilityManager.m */ = {isa = PBXFileReference; fileEncoding = 4; lastKnownFileType = sourcecode.c.objc; path = AFNetworkReachabilityManager.m; sourceTree = "<group>"; };
		67F24EA51ACF46E000CFEFCD /* AFSecurityPolicy.h */ = {isa = PBXFileReference; fileEncoding = 4; lastKnownFileType = sourcecode.c.h; path = AFSecurityPolicy.h; sourceTree = "<group>"; };
		67F24EA61ACF46E000CFEFCD /* AFSecurityPolicy.m */ = {isa = PBXFileReference; fileEncoding = 4; lastKnownFileType = sourcecode.c.objc; path = AFSecurityPolicy.m; sourceTree = "<group>"; };
		67F24EA71ACF46E000CFEFCD /* AFURLConnectionOperation.h */ = {isa = PBXFileReference; fileEncoding = 4; lastKnownFileType = sourcecode.c.h; path = AFURLConnectionOperation.h; sourceTree = "<group>"; };
		67F24EA81ACF46E000CFEFCD /* AFURLConnectionOperation.m */ = {isa = PBXFileReference; fileEncoding = 4; lastKnownFileType = sourcecode.c.objc; path = AFURLConnectionOperation.m; sourceTree = "<group>"; };
		67F24EA91ACF46E000CFEFCD /* AFURLRequestSerialization.h */ = {isa = PBXFileReference; fileEncoding = 4; lastKnownFileType = sourcecode.c.h; path = AFURLRequestSerialization.h; sourceTree = "<group>"; };
		67F24EAA1ACF46E000CFEFCD /* AFURLRequestSerialization.m */ = {isa = PBXFileReference; fileEncoding = 4; lastKnownFileType = sourcecode.c.objc; path = AFURLRequestSerialization.m; sourceTree = "<group>"; };
		67F24EAB1ACF46E000CFEFCD /* AFURLResponseSerialization.h */ = {isa = PBXFileReference; fileEncoding = 4; lastKnownFileType = sourcecode.c.h; path = AFURLResponseSerialization.h; sourceTree = "<group>"; };
		67F24EAC1ACF46E000CFEFCD /* AFURLResponseSerialization.m */ = {isa = PBXFileReference; fileEncoding = 4; lastKnownFileType = sourcecode.c.objc; path = AFURLResponseSerialization.m; sourceTree = "<group>"; };
		67F24EAD1ACF46E000CFEFCD /* AFURLSessionManager.h */ = {isa = PBXFileReference; fileEncoding = 4; lastKnownFileType = sourcecode.c.h; path = AFURLSessionManager.h; sourceTree = "<group>"; };
		67F24EAE1ACF46E000CFEFCD /* AFURLSessionManager.m */ = {isa = PBXFileReference; fileEncoding = 4; lastKnownFileType = sourcecode.c.objc; path = AFURLSessionManager.m; sourceTree = "<group>"; };
		67F24EB91ACF47E100CFEFCD /* AFNetworkActivityIndicatorManager.h */ = {isa = PBXFileReference; fileEncoding = 4; lastKnownFileType = sourcecode.c.h; path = AFNetworkActivityIndicatorManager.h; sourceTree = "<group>"; };
		67F24EBA1ACF47E100CFEFCD /* AFNetworkActivityIndicatorManager.m */ = {isa = PBXFileReference; fileEncoding = 4; lastKnownFileType = sourcecode.c.objc; path = AFNetworkActivityIndicatorManager.m; sourceTree = "<group>"; };
		67F24EBB1ACF47E100CFEFCD /* UIActivityIndicatorView+AFNetworking.h */ = {isa = PBXFileReference; fileEncoding = 4; lastKnownFileType = sourcecode.c.h; path = "UIActivityIndicatorView+AFNetworking.h"; sourceTree = "<group>"; };
		67F24EBC1ACF47E100CFEFCD /* UIActivityIndicatorView+AFNetworking.m */ = {isa = PBXFileReference; fileEncoding = 4; lastKnownFileType = sourcecode.c.objc; path = "UIActivityIndicatorView+AFNetworking.m"; sourceTree = "<group>"; };
		67F24EBD1ACF47E100CFEFCD /* UIAlertView+AFNetworking.h */ = {isa = PBXFileReference; fileEncoding = 4; lastKnownFileType = sourcecode.c.h; path = "UIAlertView+AFNetworking.h"; sourceTree = "<group>"; };
		67F24EBE1ACF47E100CFEFCD /* UIAlertView+AFNetworking.m */ = {isa = PBXFileReference; fileEncoding = 4; lastKnownFileType = sourcecode.c.objc; path = "UIAlertView+AFNetworking.m"; sourceTree = "<group>"; };
		67F24EBF1ACF47E100CFEFCD /* UIButton+AFNetworking.h */ = {isa = PBXFileReference; fileEncoding = 4; lastKnownFileType = sourcecode.c.h; path = "UIButton+AFNetworking.h"; sourceTree = "<group>"; };
		67F24EC01ACF47E100CFEFCD /* UIButton+AFNetworking.m */ = {isa = PBXFileReference; fileEncoding = 4; lastKnownFileType = sourcecode.c.objc; path = "UIButton+AFNetworking.m"; sourceTree = "<group>"; };
		67F24EC11ACF47E100CFEFCD /* UIImageView+AFNetworking.h */ = {isa = PBXFileReference; fileEncoding = 4; lastKnownFileType = sourcecode.c.h; path = "UIImageView+AFNetworking.h"; sourceTree = "<group>"; };
		67F24EC21ACF47E100CFEFCD /* UIImageView+AFNetworking.m */ = {isa = PBXFileReference; fileEncoding = 4; lastKnownFileType = sourcecode.c.objc; path = "UIImageView+AFNetworking.m"; sourceTree = "<group>"; };
		67F24EC31ACF47E100CFEFCD /* UIKit+AFNetworking.h */ = {isa = PBXFileReference; fileEncoding = 4; lastKnownFileType = sourcecode.c.h; path = "UIKit+AFNetworking.h"; sourceTree = "<group>"; };
		67F24EC41ACF47E100CFEFCD /* UIProgressView+AFNetworking.h */ = {isa = PBXFileReference; fileEncoding = 4; lastKnownFileType = sourcecode.c.h; path = "UIProgressView+AFNetworking.h"; sourceTree = "<group>"; };
		67F24EC51ACF47E100CFEFCD /* UIProgressView+AFNetworking.m */ = {isa = PBXFileReference; fileEncoding = 4; lastKnownFileType = sourcecode.c.objc; path = "UIProgressView+AFNetworking.m"; sourceTree = "<group>"; };
		67F24EC61ACF47E100CFEFCD /* UIRefreshControl+AFNetworking.h */ = {isa = PBXFileReference; fileEncoding = 4; lastKnownFileType = sourcecode.c.h; path = "UIRefreshControl+AFNetworking.h"; sourceTree = "<group>"; };
		67F24EC71ACF47E100CFEFCD /* UIRefreshControl+AFNetworking.m */ = {isa = PBXFileReference; fileEncoding = 4; lastKnownFileType = sourcecode.c.objc; path = "UIRefreshControl+AFNetworking.m"; sourceTree = "<group>"; };
		67F24EC81ACF47E100CFEFCD /* UIWebView+AFNetworking.h */ = {isa = PBXFileReference; fileEncoding = 4; lastKnownFileType = sourcecode.c.h; path = "UIWebView+AFNetworking.h"; sourceTree = "<group>"; };
		67F24EC91ACF47E100CFEFCD /* UIWebView+AFNetworking.m */ = {isa = PBXFileReference; fileEncoding = 4; lastKnownFileType = sourcecode.c.objc; path = "UIWebView+AFNetworking.m"; sourceTree = "<group>"; };
/* End PBXFileReference section */

/* Begin PBXFrameworksBuildPhase section */
		67CEAEB41A56CE0500597E1F /* Frameworks */ = {
			isa = PBXFrameworksBuildPhase;
			buildActionMask = 2147483647;
			files = (
			);
			runOnlyForDeploymentPostprocessing = 0;
		};
		67CEAECD1A56CE0500597E1F /* Frameworks */ = {
			isa = PBXFrameworksBuildPhase;
			buildActionMask = 2147483647;
			files = (
			);
			runOnlyForDeploymentPostprocessing = 0;
		};
/* End PBXFrameworksBuildPhase section */

/* Begin PBXGroup section */
		671DFA651AC6D35300E5C37F /* History Cell */ = {
			isa = PBXGroup;
			children = (
				671DFA601AC6D34C00E5C37F /* PPHistoryViewCell.h */,
				671DFA611AC6D34C00E5C37F /* PPHistoryViewCell.m */,
				671DFA621AC6D34C00E5C37F /* PPHistoryViewCell.xib */,
			);
			name = "History Cell";
			sourceTree = "<group>";
		};
		671DFA661AC6D36400E5C37F /* Featured Cell */ = {
			isa = PBXGroup;
			children = (
				67B497141AAB8E650062E07A /* PPFeaturedViewCell.h */,
				67B497151AAB8E650062E07A /* PPFeaturedViewCell.m */,
			);
			name = "Featured Cell";
			sourceTree = "<group>";
		};
		672D6A8A1AD05950006EEDE0 /* SAMCache */ = {
			isa = PBXGroup;
			children = (
				672D6A8B1AD05950006EEDE0 /* LICENSE */,
				672D6A8C1AD05950006EEDE0 /* Readme.markdown */,
				672D6A8D1AD05950006EEDE0 /* SAMCache */,
			);
			path = SAMCache;
			sourceTree = "<group>";
		};
		672D6A8D1AD05950006EEDE0 /* SAMCache */ = {
			isa = PBXGroup;
			children = (
				672D6A8E1AD05950006EEDE0 /* SAMCache.h */,
				672D6A8F1AD05950006EEDE0 /* SAMCache.m */,
			);
			path = SAMCache;
			sourceTree = "<group>";
		};
		67B497231AAB982C0062E07A /* Custom Cells */ = {
			isa = PBXGroup;
			children = (
				671DFA661AC6D36400E5C37F /* Featured Cell */,
				671DFA651AC6D35300E5C37F /* History Cell */,
			);
			name = "Custom Cells";
			sourceTree = "<group>";
		};
		67CEAEAE1A56CE0500597E1F = {
			isa = PBXGroup;
			children = (
				672D6A8A1AD05950006EEDE0 /* SAMCache */,
				67F24E9B1ACF46E000CFEFCD /* AFNetworking */,
				67CEE6E21A642497007A6526 /* Resources */,
				67CEAEB91A56CE0500597E1F /* Pupus */,
				67CEAED31A56CE0500597E1F /* PupusTests */,
				67CEAEB81A56CE0500597E1F /* Products */,
			);
			sourceTree = "<group>";
		};
		67CEAEB81A56CE0500597E1F /* Products */ = {
			isa = PBXGroup;
			children = (
				67CEAEB71A56CE0500597E1F /* Pupus.app */,
				67CEAED01A56CE0500597E1F /* PupusTests.xctest */,
			);
			name = Products;
			sourceTree = "<group>";
		};
		67CEAEB91A56CE0500597E1F /* Pupus */ = {
			isa = PBXGroup;
			children = (
				67CEAEBE1A56CE0500597E1F /* AppDelegate.h */,
				67CEAEBF1A56CE0500597E1F /* AppDelegate.m */,
				67CEAEC41A56CE0500597E1F /* Main.storyboard */,
				67B497111AAB8D7E0062E07A /* HomeViewController.h */,
				67B497121AAB8D7E0062E07A /* HomeViewController.m */,
				67F24E991ACF410F00CFEFCD /* CollectionView Cell */,
				67F24E9A1ACF412B00CFEFCD /* Custom View */,
				67B497231AAB982C0062E07A /* Custom Cells */,
				673670D71A62C728009F0AB7 /* PP_MainViewController.h */,
				673670D81A62C728009F0AB7 /* PP_MainViewController.m */,
				676399931A71628900A6FFED /* ImagesViewController.h */,
				676399941A71628900A6FFED /* ImagesViewController.m */,
				67A4F4131A69760C00A87625 /* VideosViewController.h */,
				67A4F4141A69760C00A87625 /* VideosViewController.m */,
				67A4F4161A69763D00A87625 /* ShowMoreViewController.h */,
				67A4F4171A69763D00A87625 /* ShowMoreViewController.m */,
				675BD71C1A6C43D800458628 /* lorem.txt */,
				67CEAEC71A56CE0500597E1F /* Images.xcassets */,
				67CEAEC91A56CE0500597E1F /* LaunchScreen.xib */,
				67CEAEBA1A56CE0500597E1F /* Supporting Files */,
			);
			path = Pupus;
			sourceTree = "<group>";
		};
		67CEAEBA1A56CE0500597E1F /* Supporting Files */ = {
			isa = PBXGroup;
			children = (
				67CEAEBB1A56CE0500597E1F /* Info.plist */,
				67CEAEBC1A56CE0500597E1F /* main.m */,
			);
			name = "Supporting Files";
			sourceTree = "<group>";
		};
		67CEAED31A56CE0500597E1F /* PupusTests */ = {
			isa = PBXGroup;
			children = (
				67CEAED61A56CE0500597E1F /* PupusTests.m */,
				67CEAED41A56CE0500597E1F /* Supporting Files */,
			);
			path = PupusTests;
			sourceTree = "<group>";
		};
		67CEAED41A56CE0500597E1F /* Supporting Files */ = {
			isa = PBXGroup;
			children = (
				67CEAED51A56CE0500597E1F /* Info.plist */,
			);
			name = "Supporting Files";
			sourceTree = "<group>";
		};
		67CEE6E21A642497007A6526 /* Resources */ = {
			isa = PBXGroup;
			children = (
				671516291A60473D00F9A95E /* Mark Simonson - Proxima Nova Regular.otf */,
				671516271A60472D00F9A95E /* ProximaNova-Bold.ttf */,
				671516281A60472D00F9A95E /* ProximaNova-Light.ttf */,
			);
			name = Resources;
			sourceTree = "<group>";
		};
		67F24E991ACF410F00CFEFCD /* CollectionView Cell */ = {
			isa = PBXGroup;
			children = (
				67B4971E1AAB930F0062E07A /* PPFeaturedCollectionViewCell.h */,
				67B4971F1AAB930F0062E07A /* PPFeaturedCollectionViewCell.m */,
				67B497201AAB930F0062E07A /* PPFeaturedCollectionViewCell.xib */,
			);
			name = "CollectionView Cell";
			sourceTree = "<group>";
		};
		67F24E9A1ACF412B00CFEFCD /* Custom View */ = {
			isa = PBXGroup;
			children = (
				67B497191AAB8FA70062E07A /* PPFeaturedCellView.h */,
				67B4971A1AAB8FA70062E07A /* PPFeaturedCellView.m */,
				67B4971C1AAB8FBC0062E07A /* PPFeaturedCellView.xib */,
			);
			name = "Custom View";
			sourceTree = "<group>";
		};
		67F24E9B1ACF46E000CFEFCD /* AFNetworking */ = {
			isa = PBXGroup;
			children = (
				67F24EB81ACF47E100CFEFCD /* UIKit+AFNetworking */,
				67F24E9C1ACF46E000CFEFCD /* AFHTTPRequestOperation.h */,
				67F24E9D1ACF46E000CFEFCD /* AFHTTPRequestOperation.m */,
				67F24E9E1ACF46E000CFEFCD /* AFHTTPRequestOperationManager.h */,
				67F24E9F1ACF46E000CFEFCD /* AFHTTPRequestOperationManager.m */,
				67F24EA01ACF46E000CFEFCD /* AFHTTPSessionManager.h */,
				67F24EA11ACF46E000CFEFCD /* AFHTTPSessionManager.m */,
				67F24EA21ACF46E000CFEFCD /* AFNetworking.h */,
				67F24EA31ACF46E000CFEFCD /* AFNetworkReachabilityManager.h */,
				67F24EA41ACF46E000CFEFCD /* AFNetworkReachabilityManager.m */,
				67F24EA51ACF46E000CFEFCD /* AFSecurityPolicy.h */,
				67F24EA61ACF46E000CFEFCD /* AFSecurityPolicy.m */,
				67F24EA71ACF46E000CFEFCD /* AFURLConnectionOperation.h */,
				67F24EA81ACF46E000CFEFCD /* AFURLConnectionOperation.m */,
				67F24EA91ACF46E000CFEFCD /* AFURLRequestSerialization.h */,
				67F24EAA1ACF46E000CFEFCD /* AFURLRequestSerialization.m */,
				67F24EAB1ACF46E000CFEFCD /* AFURLResponseSerialization.h */,
				67F24EAC1ACF46E000CFEFCD /* AFURLResponseSerialization.m */,
				67F24EAD1ACF46E000CFEFCD /* AFURLSessionManager.h */,
				67F24EAE1ACF46E000CFEFCD /* AFURLSessionManager.m */,
			);
			path = AFNetworking;
			sourceTree = "<group>";
		};
		67F24EB81ACF47E100CFEFCD /* UIKit+AFNetworking */ = {
			isa = PBXGroup;
			children = (
				67F24EB91ACF47E100CFEFCD /* AFNetworkActivityIndicatorManager.h */,
				67F24EBA1ACF47E100CFEFCD /* AFNetworkActivityIndicatorManager.m */,
				67F24EBB1ACF47E100CFEFCD /* UIActivityIndicatorView+AFNetworking.h */,
				67F24EBC1ACF47E100CFEFCD /* UIActivityIndicatorView+AFNetworking.m */,
				67F24EBD1ACF47E100CFEFCD /* UIAlertView+AFNetworking.h */,
				67F24EBE1ACF47E100CFEFCD /* UIAlertView+AFNetworking.m */,
				67F24EBF1ACF47E100CFEFCD /* UIButton+AFNetworking.h */,
				67F24EC01ACF47E100CFEFCD /* UIButton+AFNetworking.m */,
				67F24EC11ACF47E100CFEFCD /* UIImageView+AFNetworking.h */,
				67F24EC21ACF47E100CFEFCD /* UIImageView+AFNetworking.m */,
				67F24EC31ACF47E100CFEFCD /* UIKit+AFNetworking.h */,
				67F24EC41ACF47E100CFEFCD /* UIProgressView+AFNetworking.h */,
				67F24EC51ACF47E100CFEFCD /* UIProgressView+AFNetworking.m */,
				67F24EC61ACF47E100CFEFCD /* UIRefreshControl+AFNetworking.h */,
				67F24EC71ACF47E100CFEFCD /* UIRefreshControl+AFNetworking.m */,
				67F24EC81ACF47E100CFEFCD /* UIWebView+AFNetworking.h */,
				67F24EC91ACF47E100CFEFCD /* UIWebView+AFNetworking.m */,
			);
			path = "UIKit+AFNetworking";
			sourceTree = "<group>";
		};
/* End PBXGroup section */

/* Begin PBXNativeTarget section */
		67CEAEB61A56CE0500597E1F /* Pupus */ = {
			isa = PBXNativeTarget;
			buildConfigurationList = 67CEAEDA1A56CE0500597E1F /* Build configuration list for PBXNativeTarget "Pupus" */;
			buildPhases = (
				67CEAEB31A56CE0500597E1F /* Sources */,
				67CEAEB41A56CE0500597E1F /* Frameworks */,
				67CEAEB51A56CE0500597E1F /* Resources */,
			);
			buildRules = (
			);
			dependencies = (
			);
			name = Pupus;
			productName = Pupus;
			productReference = 67CEAEB71A56CE0500597E1F /* Pupus.app */;
			productType = "com.apple.product-type.application";
		};
		67CEAECF1A56CE0500597E1F /* PupusTests */ = {
			isa = PBXNativeTarget;
			buildConfigurationList = 67CEAEDD1A56CE0500597E1F /* Build configuration list for PBXNativeTarget "PupusTests" */;
			buildPhases = (
				67CEAECC1A56CE0500597E1F /* Sources */,
				67CEAECD1A56CE0500597E1F /* Frameworks */,
				67CEAECE1A56CE0500597E1F /* Resources */,
			);
			buildRules = (
			);
			dependencies = (
				67CEAED21A56CE0500597E1F /* PBXTargetDependency */,
			);
			name = PupusTests;
			productName = PupusTests;
			productReference = 67CEAED01A56CE0500597E1F /* PupusTests.xctest */;
			productType = "com.apple.product-type.bundle.unit-test";
		};
/* End PBXNativeTarget section */

/* Begin PBXProject section */
		67CEAEAF1A56CE0500597E1F /* Project object */ = {
			isa = PBXProject;
			attributes = {
				LastUpgradeCheck = 0610;
				ORGANIZATIONNAME = "Vinod Rathod";
				TargetAttributes = {
					67CEAEB61A56CE0500597E1F = {
						CreatedOnToolsVersion = 6.1.1;
					};
					67CEAECF1A56CE0500597E1F = {
						CreatedOnToolsVersion = 6.1.1;
						TestTargetID = 67CEAEB61A56CE0500597E1F;
					};
				};
			};
			buildConfigurationList = 67CEAEB21A56CE0500597E1F /* Build configuration list for PBXProject "Pupus" */;
			compatibilityVersion = "Xcode 3.2";
			developmentRegion = English;
			hasScannedForEncodings = 0;
			knownRegions = (
				en,
				Base,
			);
			mainGroup = 67CEAEAE1A56CE0500597E1F;
			productRefGroup = 67CEAEB81A56CE0500597E1F /* Products */;
			projectDirPath = "";
			projectRoot = "";
			targets = (
				67CEAEB61A56CE0500597E1F /* Pupus */,
				67CEAECF1A56CE0500597E1F /* PupusTests */,
			);
		};
/* End PBXProject section */

/* Begin PBXResourcesBuildPhase section */
		67CEAEB51A56CE0500597E1F /* Resources */ = {
			isa = PBXResourcesBuildPhase;
			buildActionMask = 2147483647;
			files = (
				67CEE6DF1A63FBD8007A6526 /* Mark Simonson - Proxima Nova Regular.otf in Resources */,
				675BD71D1A6C43D800458628 /* lorem.txt in Resources */,
				67B4971D1AAB8FBC0062E07A /* PPFeaturedCellView.xib in Resources */,
				67CEE6E01A63FBD8007A6526 /* ProximaNova-Bold.ttf in Resources */,
				67CEE6E11A63FBD8007A6526 /* ProximaNova-Light.ttf in Resources */,
				672D6A901AD05950006EEDE0 /* LICENSE in Resources */,
				671DFA641AC6D34C00E5C37F /* PPHistoryViewCell.xib in Resources */,
				67CEAEC61A56CE0500597E1F /* Main.storyboard in Resources */,
				67B497221AAB930F0062E07A /* PPFeaturedCollectionViewCell.xib in Resources */,
				67CEAECB1A56CE0500597E1F /* LaunchScreen.xib in Resources */,
				67CEAEC81A56CE0500597E1F /* Images.xcassets in Resources */,
			);
			runOnlyForDeploymentPostprocessing = 0;
		};
		67CEAECE1A56CE0500597E1F /* Resources */ = {
			isa = PBXResourcesBuildPhase;
			buildActionMask = 2147483647;
			files = (
			);
			runOnlyForDeploymentPostprocessing = 0;
		};
/* End PBXResourcesBuildPhase section */

/* Begin PBXSourcesBuildPhase section */
		67CEAEB31A56CE0500597E1F /* Sources */ = {
			isa = PBXSourcesBuildPhase;
			buildActionMask = 2147483647;
			files = (
				67A4F4151A69760C00A87625 /* VideosViewController.m in Sources */,
				67CEAEC01A56CE0500597E1F /* AppDelegate.m in Sources */,
				673670D91A62C728009F0AB7 /* PP_MainViewController.m in Sources */,
				671DFA631AC6D34C00E5C37F /* PPHistoryViewCell.m in Sources */,
				67F24EB61ACF46E000CFEFCD /* AFURLResponseSerialization.m in Sources */,
				67F24ECA1ACF47E100CFEFCD /* AFNetworkActivityIndicatorManager.m in Sources */,
				67F24EB41ACF46E000CFEFCD /* AFURLConnectionOperation.m in Sources */,
				67B497131AAB8D7E0062E07A /* HomeViewController.m in Sources */,
				672D6A921AD05950006EEDE0 /* SAMCache.m in Sources */,
				67F24EB01ACF46E000CFEFCD /* AFHTTPRequestOperationManager.m in Sources */,
				67A4F4181A69763D00A87625 /* ShowMoreViewController.m in Sources */,
				67F24EB31ACF46E000CFEFCD /* AFSecurityPolicy.m in Sources */,
				67F24ECE1ACF47E100CFEFCD /* UIImageView+AFNetworking.m in Sources */,
				67F24ECF1ACF47E100CFEFCD /* UIProgressView+AFNetworking.m in Sources */,
				676399951A71628900A6FFED /* ImagesViewController.m in Sources */,
				67F24ED01ACF47E100CFEFCD /* UIRefreshControl+AFNetworking.m in Sources */,
				67F24EB51ACF46E000CFEFCD /* AFURLRequestSerialization.m in Sources */,
				67F24EB21ACF46E000CFEFCD /* AFNetworkReachabilityManager.m in Sources */,
				67F24ECD1ACF47E100CFEFCD /* UIButton+AFNetworking.m in Sources */,
				672D6A911AD05950006EEDE0 /* Readme.markdown in Sources */,
				67F24ECB1ACF47E100CFEFCD /* UIActivityIndicatorView+AFNetworking.m in Sources */,
				67CEAEBD1A56CE0500597E1F /* main.m in Sources */,
				67B4971B1AAB8FA70062E07A /* PPFeaturedCellView.m in Sources */,
				67F24EAF1ACF46E000CFEFCD /* AFHTTPRequestOperation.m in Sources */,
				67B497211AAB930F0062E07A /* PPFeaturedCollectionViewCell.m in Sources */,
				67F24EB11ACF46E000CFEFCD /* AFHTTPSessionManager.m in Sources */,
				67F24ED11ACF47E100CFEFCD /* UIWebView+AFNetworking.m in Sources */,
				67B497171AAB8E650062E07A /* PPFeaturedViewCell.m in Sources */,
				67F24EB71ACF46E000CFEFCD /* AFURLSessionManager.m in Sources */,
				67F24ECC1ACF47E100CFEFCD /* UIAlertView+AFNetworking.m in Sources */,
			);
			runOnlyForDeploymentPostprocessing = 0;
		};
		67CEAECC1A56CE0500597E1F /* Sources */ = {
			isa = PBXSourcesBuildPhase;
			buildActionMask = 2147483647;
			files = (
				67CEAED71A56CE0500597E1F /* PupusTests.m in Sources */,
			);
			runOnlyForDeploymentPostprocessing = 0;
		};
/* End PBXSourcesBuildPhase section */

/* Begin PBXTargetDependency section */
		67CEAED21A56CE0500597E1F /* PBXTargetDependency */ = {
			isa = PBXTargetDependency;
			target = 67CEAEB61A56CE0500597E1F /* Pupus */;
			targetProxy = 67CEAED11A56CE0500597E1F /* PBXContainerItemProxy */;
		};
/* End PBXTargetDependency section */

/* Begin PBXVariantGroup section */
		67CEAEC41A56CE0500597E1F /* Main.storyboard */ = {
			isa = PBXVariantGroup;
			children = (
				67CEAEC51A56CE0500597E1F /* Base */,
			);
			name = Main.storyboard;
			sourceTree = "<group>";
		};
		67CEAEC91A56CE0500597E1F /* LaunchScreen.xib */ = {
			isa = PBXVariantGroup;
			children = (
				67CEAECA1A56CE0500597E1F /* Base */,
			);
			name = LaunchScreen.xib;
			sourceTree = "<group>";
		};
/* End PBXVariantGroup section */

/* Begin XCBuildConfiguration section */
		67CEAED81A56CE0500597E1F /* Debug */ = {
			isa = XCBuildConfiguration;
			buildSettings = {
				ALWAYS_SEARCH_USER_PATHS = NO;
				CLANG_CXX_LANGUAGE_STANDARD = "gnu++0x";
				CLANG_CXX_LIBRARY = "libc++";
				CLANG_ENABLE_MODULES = YES;
				CLANG_ENABLE_OBJC_ARC = YES;
				CLANG_WARN_BOOL_CONVERSION = YES;
				CLANG_WARN_CONSTANT_CONVERSION = YES;
				CLANG_WARN_DIRECT_OBJC_ISA_USAGE = YES_ERROR;
				CLANG_WARN_EMPTY_BODY = YES;
				CLANG_WARN_ENUM_CONVERSION = YES;
				CLANG_WARN_INT_CONVERSION = YES;
				CLANG_WARN_OBJC_ROOT_CLASS = YES_ERROR;
				CLANG_WARN_UNREACHABLE_CODE = YES;
				CLANG_WARN__DUPLICATE_METHOD_MATCH = YES;
				"CODE_SIGN_IDENTITY[sdk=iphoneos*]" = "iPhone Developer";
				COPY_PHASE_STRIP = NO;
				ENABLE_STRICT_OBJC_MSGSEND = YES;
				GCC_C_LANGUAGE_STANDARD = gnu99;
				GCC_DYNAMIC_NO_PIC = NO;
				GCC_OPTIMIZATION_LEVEL = 0;
				GCC_PREPROCESSOR_DEFINITIONS = (
					"DEBUG=1",
					"$(inherited)",
				);
				GCC_SYMBOLS_PRIVATE_EXTERN = NO;
				GCC_WARN_64_TO_32_BIT_CONVERSION = YES;
				GCC_WARN_ABOUT_RETURN_TYPE = YES_ERROR;
				GCC_WARN_UNDECLARED_SELECTOR = YES;
				GCC_WARN_UNINITIALIZED_AUTOS = YES_AGGRESSIVE;
				GCC_WARN_UNUSED_FUNCTION = YES;
				GCC_WARN_UNUSED_VARIABLE = YES;
				IPHONEOS_DEPLOYMENT_TARGET = 8.1;
				MTL_ENABLE_DEBUG_INFO = YES;
				ONLY_ACTIVE_ARCH = YES;
				SDKROOT = iphoneos;
			};
			name = Debug;
		};
		67CEAED91A56CE0500597E1F /* Release */ = {
			isa = XCBuildConfiguration;
			buildSettings = {
				ALWAYS_SEARCH_USER_PATHS = NO;
				CLANG_CXX_LANGUAGE_STANDARD = "gnu++0x";
				CLANG_CXX_LIBRARY = "libc++";
				CLANG_ENABLE_MODULES = YES;
				CLANG_ENABLE_OBJC_ARC = YES;
				CLANG_WARN_BOOL_CONVERSION = YES;
				CLANG_WARN_CONSTANT_CONVERSION = YES;
				CLANG_WARN_DIRECT_OBJC_ISA_USAGE = YES_ERROR;
				CLANG_WARN_EMPTY_BODY = YES;
				CLANG_WARN_ENUM_CONVERSION = YES;
				CLANG_WARN_INT_CONVERSION = YES;
				CLANG_WARN_OBJC_ROOT_CLASS = YES_ERROR;
				CLANG_WARN_UNREACHABLE_CODE = YES;
				CLANG_WARN__DUPLICATE_METHOD_MATCH = YES;
				"CODE_SIGN_IDENTITY[sdk=iphoneos*]" = "iPhone Developer";
				COPY_PHASE_STRIP = YES;
				ENABLE_NS_ASSERTIONS = NO;
				ENABLE_STRICT_OBJC_MSGSEND = YES;
				GCC_C_LANGUAGE_STANDARD = gnu99;
				GCC_WARN_64_TO_32_BIT_CONVERSION = YES;
				GCC_WARN_ABOUT_RETURN_TYPE = YES_ERROR;
				GCC_WARN_UNDECLARED_SELECTOR = YES;
				GCC_WARN_UNINITIALIZED_AUTOS = YES_AGGRESSIVE;
				GCC_WARN_UNUSED_FUNCTION = YES;
				GCC_WARN_UNUSED_VARIABLE = YES;
				IPHONEOS_DEPLOYMENT_TARGET = 8.1;
				MTL_ENABLE_DEBUG_INFO = NO;
				SDKROOT = iphoneos;
				VALIDATE_PRODUCT = YES;
			};
			name = Release;
		};
		67CEAEDB1A56CE0500597E1F /* Debug */ = {
			isa = XCBuildConfiguration;
			buildSettings = {
				ASSETCATALOG_COMPILER_APPICON_NAME = AppIcon;
				INFOPLIST_FILE = Pupus/Info.plist;
				LD_RUNPATH_SEARCH_PATHS = "$(inherited) @executable_path/Frameworks";
				PRODUCT_NAME = "$(TARGET_NAME)";
			};
			name = Debug;
		};
		67CEAEDC1A56CE0500597E1F /* Release */ = {
			isa = XCBuildConfiguration;
			buildSettings = {
				ASSETCATALOG_COMPILER_APPICON_NAME = AppIcon;
				INFOPLIST_FILE = Pupus/Info.plist;
				LD_RUNPATH_SEARCH_PATHS = "$(inherited) @executable_path/Frameworks";
				PRODUCT_NAME = "$(TARGET_NAME)";
			};
			name = Release;
		};
		67CEAEDE1A56CE0500597E1F /* Debug */ = {
			isa = XCBuildConfiguration;
			buildSettings = {
				BUNDLE_LOADER = "$(TEST_HOST)";
				FRAMEWORK_SEARCH_PATHS = (
					"$(SDKROOT)/Developer/Library/Frameworks",
					"$(inherited)",
				);
				GCC_PREPROCESSOR_DEFINITIONS = (
					"DEBUG=1",
					"$(inherited)",
				);
				INFOPLIST_FILE = PupusTests/Info.plist;
				LD_RUNPATH_SEARCH_PATHS = "$(inherited) @executable_path/Frameworks @loader_path/Frameworks";
				PRODUCT_NAME = "$(TARGET_NAME)";
				TEST_HOST = "$(BUILT_PRODUCTS_DIR)/Pupus.app/Pupus";
			};
			name = Debug;
		};
		67CEAEDF1A56CE0500597E1F /* Release */ = {
			isa = XCBuildConfiguration;
			buildSettings = {
				BUNDLE_LOADER = "$(TEST_HOST)";
				FRAMEWORK_SEARCH_PATHS = (
					"$(SDKROOT)/Developer/Library/Frameworks",
					"$(inherited)",
				);
				INFOPLIST_FILE = PupusTests/Info.plist;
				LD_RUNPATH_SEARCH_PATHS = "$(inherited) @executable_path/Frameworks @loader_path/Frameworks";
				PRODUCT_NAME = "$(TARGET_NAME)";
				TEST_HOST = "$(BUILT_PRODUCTS_DIR)/Pupus.app/Pupus";
			};
			name = Release;
		};
/* End XCBuildConfiguration section */

/* Begin XCConfigurationList section */
		67CEAEB21A56CE0500597E1F /* Build configuration list for PBXProject "Pupus" */ = {
			isa = XCConfigurationList;
			buildConfigurations = (
				67CEAED81A56CE0500597E1F /* Debug */,
				67CEAED91A56CE0500597E1F /* Release */,
			);
			defaultConfigurationIsVisible = 0;
			defaultConfigurationName = Release;
		};
		67CEAEDA1A56CE0500597E1F /* Build configuration list for PBXNativeTarget "Pupus" */ = {
			isa = XCConfigurationList;
			buildConfigurations = (
				67CEAEDB1A56CE0500597E1F /* Debug */,
				67CEAEDC1A56CE0500597E1F /* Release */,
			);
			defaultConfigurationIsVisible = 0;
			defaultConfigurationName = Release;
		};
		67CEAEDD1A56CE0500597E1F /* Build configuration list for PBXNativeTarget "PupusTests" */ = {
			isa = XCConfigurationList;
			buildConfigurations = (
				67CEAEDE1A56CE0500597E1F /* Debug */,
				67CEAEDF1A56CE0500597E1F /* Release */,
			);
			defaultConfigurationIsVisible = 0;
			defaultConfigurationName = Release;
		};
/* End XCConfigurationList section */
	};
	rootObject = 67CEAEAF1A56CE0500597E1F /* Project object */;
}
